{
  "requires": true,
  "lockfileVersion": 1,
  "dependencies": {
    "childprocess": {
      "version": "2.0.2",
      "resolved": "https://registry.npmjs.org/childprocess/-/childprocess-2.0.2.tgz",
      "integrity": "sha1-PWhJKXSLHhPoUhz2Gb3lRA3oXrQ=",
      "requires": {
        "utility": "~1.6.0"
      }
    },
    "copy-to": {
      "version": "2.0.1",
      "resolved": "https://registry.npmjs.org/copy-to/-/copy-to-2.0.1.tgz",
      "integrity": "sha1-JoD7uAaKSNCGVrYJgJK9r8kG9KU="
    },
    "escape-html": {
      "version": "1.0.3",
      "resolved": "https://registry.npmjs.org/escape-html/-/escape-html-1.0.3.tgz",
      "integrity": "sha1-Aljq5NPQwJdN4cFpGI7wBR0dGYg="
    },
    "find": {
      "version": "0.2.9",
      "resolved": "https://registry.npmjs.org/find/-/find-0.2.9.tgz",
      "integrity": "sha1-S3Px/55WrZG3bnFkB/5f/mVUu4w=",
      "requires": {
        "traverse-chain": "~0.1.0"
      }
    },
    "python-shell": {
      "version": "1.0.7",
      "resolved": "https://registry.npmjs.org/python-shell/-/python-shell-1.0.7.tgz",
      "integrity": "sha512-k6s27Uj5WEAxFLRKLFUvlDCm1GpkmAQ4vg9CASgqwbHqAM1d1x3nh3bzlBKgmRwNDeLlu0DP41CqwRZn1DKtuA=="
    },
    "traverse-chain": {
      "version": "0.1.0",
      "resolved": "https://registry.npmjs.org/traverse-chain/-/traverse-chain-0.1.0.tgz",
      "integrity": "sha1-YdvC1Ttp/2CRoSoWj9fUMxB+QPE="
    },
    "utility": {
      "version": "1.6.0",
      "resolved": "https://registry.npmjs.org/utility/-/utility-1.6.0.tgz",
      "integrity": "sha1-5b+2p4Opw5K5/nD+RcZ/wkQFx+k=",
      "requires": {
        "copy-to": "~2.0.1",
        "escape-html": "~1.0.3"
      }
    },
    "xmlbuilder": {
      "version": "11.0.0",
      "resolved": "https://registry.npmjs.org/xmlbuilder/-/xmlbuilder-11.0.0.tgz",
      "integrity": "sha512-LzeAc96zUlknAk0F+xOXC8hO1D4ISG1ivov9UBjFkPcbSk6jVGhm9J8pTQp1ksZp9YbOws8pae8tVs+hwQl12w=="
    }
  }
}
